github.com/antlr/antlr4 v0.0.0-20190914153429-06705edafd6b h1:cEIRb4jEneiyC3JT6nyk8R2uOdzpV0TDpuIzmCK3aQU=
github.com/antlr/antlr4 v0.0.0-20190914153429-06705edafd6b/go.mod h1:T7PbCXFs94rrTttyxjbyT5+/1V8T2TYDejxUfHJjw1Y=
github.com/davecgh/go-spew v1.1.1 h1:vj9j/u1bqnvCEfJOwUhtlOARqs3+rkHYY13jYWTU97c=
github.com/davecgh/go-spew v1.1.1/go.mod h1:J7Y8YcW2NihsgmVo/mv3lAwl/skON4iLHjSsI+c5H38=
